
Microsoft Visual Studio Solution File, Format Version 12.00
# Visual Studio Version 16
VisualStudioVersion = 16.0.29403.142
MinimumVisualStudioVersion = 10.0.40219.1
Project("{FAE04EC0-301F-11D3-BF4B-00C04F79EFBC}") = "Fishy", "Fishy\Fishy.csproj", "{76A0EF47-8252-465E-87DE-51704FFE535B}"
EndProject
Global
	GlobalSection(SolutionConfigurationPlatforms) = preSolution
		Debug|Any CPU = Debug|Any CPU
		Release|Any CPU = Release|Any CPU
	EndGlobalSection
	GlobalSection(ProjectConfigurationPlatforms) = postSolution
		{76A0EF47-8252-465E-87DE-51704FFE535B}.Debug|Any CPU.ActiveCfg = Debug|Any CPU
		{76A0EF47-8252-465E-87DE-51704FFE535B}.Debug|Any CPU.Build.0 = Debug|Any CPU
		{76A0EF47-8252-465E-87DE-51704FFE535B}.Release|Any CPU.ActiveCfg = Release|Any CPU
		{76A0EF47-8252-465E-87DE-51704FFE535B}.Release|Any CPU.Build.0 = Release|Any CPU
	EndGlobalSection
	GlobalSection(SolutionProperties) = preSolution
		HideSolutionNode = FALSE
	EndGlobalSection
	GlobalSection(ExtensibilityGlobals) = postSolution
		SolutionGuid = {FB5863C0-8BEB-4EDD-A554-3732A10597A6}
	EndGlobalSection
EndGlobal
